
Microsoft Visual Studio Solution File, Format Version 12.00
# Visual Studio Version 17
VisualStudioVersion = 17.5.002.0
MinimumVisualStudioVersion = 10.0.40219.1
Project("{9A19103F-16F7-4668-BE54-9A1E7A4F7556}") = "PlatformService", "PlatformService.csproj", "{B21A905A-2DB7-4D42-AC7C-5B49733F4A3F}"
EndProject
Global
	GlobalSection(SolutionConfigurationPlatforms) = preSolution
		Debug|Any CPU = Debug|Any CPU
		Release|Any CPU = Release|Any CPU
	EndGlobalSection
	GlobalSection(ProjectConfigurationPlatforms) = postSolution
		{B21A905A-2DB7-4D42-AC7C-5B49733F4A3F}.Debug|Any CPU.ActiveCfg = Debug|Any CPU
		{B21A905A-2DB7-4D42-AC7C-5B49733F4A3F}.Debug|Any CPU.Build.0 = Debug|Any CPU
		{B21A905A-2DB7-4D42-AC7C-5B49733F4A3F}.Release|Any CPU.ActiveCfg = Release|Any CPU
		{B21A905A-2DB7-4D42-AC7C-5B49733F4A3F}.Release|Any CPU.Build.0 = Release|Any CPU
	EndGlobalSection
	GlobalSection(SolutionProperties) = preSolution
		HideSolutionNode = FALSE
	EndGlobalSection
	GlobalSection(ExtensibilityGlobals) = postSolution
		SolutionGuid = {912D2531-74F3-4B7D-9D3B-31FF00A61E5D}
	EndGlobalSection
EndGlobal
